// !$*UTF8*$!
{
	archiveVersion = 1;
	classes = {
	};
	objectVersion = 56;
	objects = {

/* Begin PBXBuildFile section */
		FC09292F296E90FE00FA13F5 /* Localizable.strings in Resources */ = {isa = PBXBuildFile; fileRef = FC092931296E90FE00FA13F5 /* Localizable.strings */; };
		FC285A68296ABD9B00D56495 /* AppDelegate.swift in Sources */ = {isa = PBXBuildFile; fileRef = FC285A67296ABD9B00D56495 /* AppDelegate.swift */; };
		FC285A6A296ABD9B00D56495 /* SceneDelegate.swift in Sources */ = {isa = PBXBuildFile; fileRef = FC285A69296ABD9B00D56495 /* SceneDelegate.swift */; };
		FC285A6C296ABD9B00D56495 /* ViewController.swift in Sources */ = {isa = PBXBuildFile; fileRef = FC285A6B296ABD9B00D56495 /* ViewController.swift */; };
		FC285A6F296ABD9B00D56495 /* Main.storyboard in Resources */ = {isa = PBXBuildFile; fileRef = FC285A6D296ABD9B00D56495 /* Main.storyboard */; };
		FC285A71296ABD9C00D56495 /* Assets.xcassets in Resources */ = {isa = PBXBuildFile; fileRef = FC285A70296ABD9C00D56495 /* Assets.xcassets */; };
		FC285A74296ABD9C00D56495 /* LaunchScreen.storyboard in Resources */ = {isa = PBXBuildFile; fileRef = FC285A72296ABD9C00D56495 /* LaunchScreen.storyboard */; };
		FC285A7E296ABE1C00D56495 /* CardCollectionViewCell.swift in Sources */ = {isa = PBXBuildFile; fileRef = FC285A7B296ABE1C00D56495 /* CardCollectionViewCell.swift */; };
		FC285A7F296ABE1C00D56495 /* Card.swift in Sources */ = {isa = PBXBuildFile; fileRef = FC285A7C296ABE1C00D56495 /* Card.swift */; };
		FC285A80296ABE1C00D56495 /* CardModel.swift in Sources */ = {isa = PBXBuildFile; fileRef = FC285A7D296ABE1C00D56495 /* CardModel.swift */; };
/* End PBXBuildFile section */

/* Begin PBXFileReference section */
		FC092930296E90FE00FA13F5 /* ar */ = {isa = PBXFileReference; lastKnownFileType = text.plist.strings; name = ar; path = ar.lproj/Localizable.strings; sourceTree = "<group>"; };
		FC285A64296ABD9B00D56495 /* MemoryColor.app */ = {isa = PBXFileReference; explicitFileType = wrapper.application; includeInIndex = 0; path = MemoryColor.app; sourceTree = BUILT_PRODUCTS_DIR; };
		FC285A67296ABD9B00D56495 /* AppDelegate.swift */ = {isa = PBXFileReference; lastKnownFileType = sourcecode.swift; path = AppDelegate.swift; sourceTree = "<group>"; };
		FC285A69296ABD9B00D56495 /* SceneDelegate.swift */ = {isa = PBXFileReference; lastKnownFileType = sourcecode.swift; path = SceneDelegate.swift; sourceTree = "<group>"; };
		FC285A6B296ABD9B00D56495 /* ViewController.swift */ = {isa = PBXFileReference; lastKnownFileType = sourcecode.swift; path = ViewController.swift; sourceTree = "<group>"; };
		FC285A6E296ABD9B00D56495 /* Base */ = {isa = PBXFileReference; lastKnownFileType = file.storyboard; name = Base; path = Base.lproj/Main.storyboard; sourceTree = "<group>"; };
		FC285A70296ABD9C00D56495 /* Assets.xcassets */ = {isa = PBXFileReference; lastKnownFileType = folder.assetcatalog; path = Assets.xcassets; sourceTree = "<group>"; };
		FC285A73296ABD9C00D56495 /* Base */ = {isa = PBXFileReference; lastKnownFileType = file.storyboard; name = Base; path = Base.lproj/LaunchScreen.storyboard; sourceTree = "<group>"; };
		FC285A75296ABD9C00D56495 /* Info.plist */ = {isa = PBXFileReference; lastKnownFileType = text.plist.xml; path = Info.plist; sourceTree = "<group>"; };
		FC285A7B296ABE1C00D56495 /* CardCollectionViewCell.swift */ = {isa = PBXFileReference; fileEncoding = 4; lastKnownFileType = sourcecode.swift; path = CardCollectionViewCell.swift; sourceTree = "<group>"; };
		FC285A7C296ABE1C00D56495 /* Card.swift */ = {isa = PBXFileReference; fileEncoding = 4; lastKnownFileType = sourcecode.swift; path = Card.swift; sourceTree = "<group>"; };
		FC285A7D296ABE1C00D56495 /* CardModel.swift */ = {isa = PBXFileReference; fileEncoding = 4; lastKnownFileType = sourcecode.swift; path = CardModel.swift; sourceTree = "<group>"; };
		FCF62BFF296C339800B17FF1 /* ar */ = {isa = PBXFileReference; lastKnownFileType = text.plist.strings; name = ar; path = ar.lproj/Main.strings; sourceTree = "<group>"; };
		FCF62C00296C339800B17FF1 /* ar */ = {isa = PBXFileReference; lastKnownFileType = text.plist.strings; name = ar; path = ar.lproj/LaunchScreen.strings; sourceTree = "<group>"; };
/* End PBXFileReference section */

/* Begin PBXFrameworksBuildPhase section */
		FC285A61296ABD9B00D56495 /* Frameworks */ = {
			isa = PBXFrameworksBuildPhase;
			buildActionMask = 2147483647;
			files = (
			);
			runOnlyForDeploymentPostprocessing = 0;
		};
/* End PBXFrameworksBuildPhase section */

/* Begin PBXGroup section */
		FC285A5B296ABD9B00D56495 = {
			isa = PBXGroup;
			children = (
				FC285A66296ABD9B00D56495 /* MemoryColor */,
				FC285A65296ABD9B00D56495 /* Products */,
			);
			sourceTree = "<group>";
		};
		FC285A65296ABD9B00D56495 /* Products */ = {
			isa = PBXGroup;
			children = (
				FC285A64296ABD9B00D56495 /* MemoryColor.app */,
			);
			name = Products;
			sourceTree = "<group>";
		};
		FC285A66296ABD9B00D56495 /* MemoryColor */ = {
			isa = PBXGroup;
			children = (
				FC092931296E90FE00FA13F5 /* Localizable.strings */,
				FC285A67296ABD9B00D56495 /* AppDelegate.swift */,
				FC285A69296ABD9B00D56495 /* SceneDelegate.swift */,
				FC285A6B296ABD9B00D56495 /* ViewController.swift */,
				FC285A7C296ABE1C00D56495 /* Card.swift */,
				FC285A7B296ABE1C00D56495 /* CardCollectionViewCell.swift */,
				FC285A7D296ABE1C00D56495 /* CardModel.swift */,
				FC285A6D296ABD9B00D56495 /* Main.storyboard */,
				FC285A70296ABD9C00D56495 /* Assets.xcassets */,
				FC285A72296ABD9C00D56495 /* LaunchScreen.storyboard */,
				FC285A75296ABD9C00D56495 /* Info.plist */,
			);
			path = MemoryColor;
			sourceTree = "<group>";
		};
/* End PBXGroup section */

/* Begin PBXNativeTarget section */
		FC285A63296ABD9B00D56495 /* MemoryColor */ = {
			isa = PBXNativeTarget;
			buildConfigurationList = FC285A78296ABD9C00D56495 /* Build configuration list for PBXNativeTarget "MemoryColor" */;
			buildPhases = (
				FC285A60296ABD9B00D56495 /* Sources */,
				FC285A61296ABD9B00D56495 /* Frameworks */,
				FC285A62296ABD9B00D56495 /* Resources */,
			);
			buildRules = (
			);
			dependencies = (
			);
			name = MemoryColor;
			productName = MemoryColor;
			productReference = FC285A64296ABD9B00D56495 /* MemoryColor.app */;
			productType = "com.apple.product-type.application";
		};
/* End PBXNativeTarget section */

/* Begin PBXProject section */
		FC285A5C296ABD9B00D56495 /* Project object */ = {
			isa = PBXProject;
			attributes = {
				BuildIndependentTargetsInParallel = 1;
				LastSwiftUpdateCheck = 1420;
				LastUpgradeCheck = 1420;
				TargetAttributes = {
					FC285A63296ABD9B00D56495 = {
						CreatedOnToolsVersion = 14.2;
					};
				};
			};
			buildConfigurationList = FC285A5F296ABD9B00D56495 /* Build configuration list for PBXProject "MemoryColor" */;
			compatibilityVersion = "Xcode 14.0";
			developmentRegion = en;
			hasScannedForEncodings = 0;
			knownRegions = (
				en,
				Base,
				ar,
			);
			mainGroup = FC285A5B296ABD9B00D56495;
			productRefGroup = FC285A65296ABD9B00D56495 /* Products */;
			projectDirPath = "";
			projectRoot = "";
			targets = (
				FC285A63296ABD9B00D56495 /* MemoryColor */,
			);
		};
/* End PBXProject section */

/* Begin PBXResourcesBuildPhase section */
		FC285A62296ABD9B00D56495 /* Resources */ = {
			isa = PBXResourcesBuildPhase;
			buildActionMask = 2147483647;
			files = (
				FC285A74296ABD9C00D56495 /* LaunchScreen.storyboard in Resources */,
				FC09292F296E90FE00FA13F5 /* Localizable.strings in Resources */,
				FC285A71296ABD9C00D56495 /* Assets.xcassets in Resources */,
				FC285A6F296ABD9B00D56495 /* Main.storyboard in Resources */,
			);
			runOnlyForDeploymentPostprocessing = 0;
		};
/* End PBXResourcesBuildPhase section */

/* Begin PBXSourcesBuildPhase section */
		FC285A60296ABD9B00D56495 /* Sources */ = {
			isa = PBXSourcesBuildPhase;
			buildActionMask = 2147483647;
			files = (
				FC285A7E296ABE1C00D56495 /* CardCollectionViewCell.swift in Sources */,
				FC285A6C296ABD9B00D56495 /* ViewController.swift in Sources */,
				FC285A7F296ABE1C00D56495 /* Card.swift in Sources */,
				FC285A68296ABD9B00D56495 /* AppDelegate.swift in Sources */,
				FC285A6A296ABD9B00D56495 /* SceneDelegate.swift in Sources */,
				FC285A80296ABE1C00D56495 /* CardModel.swift in Sources */,
			);
			runOnlyForDeploymentPostprocessing = 0;
		};
/* End PBXSourcesBuildPhase section */

/* Begin PBXVariantGroup section */
		FC092931296E90FE00FA13F5 /* Localizable.strings */ = {
			isa = PBXVariantGroup;
			children = (
				FC092930296E90FE00FA13F5 /* ar */,
			);
			name = Localizable.strings;
			sourceTree = "<group>";
		};
		FC285A6D296ABD9B00D56495 /* Main.storyboard */ = {
			isa = PBXVariantGroup;
			children = (
				FC285A6E296ABD9B00D56495 /* Base */,
				FCF62BFF296C339800B17FF1 /* ar */,
			);
			name = Main.storyboard;
			sourceTree = "<group>";
		};
		FC285A72296ABD9C00D56495 /* LaunchScreen.storyboard */ = {
			isa = PBXVariantGroup;
			children = (
				FC285A73296ABD9C00D56495 /* Base */,
				FCF62C00296C339800B17FF1 /* ar */,
			);
			name = LaunchScreen.storyboard;
			sourceTree = "<group>";
		};
/* End PBXVariantGroup section */

/* Begin XCBuildConfiguration section */
		FC285A76296ABD9C00D56495 /* Debug */ = {
			isa = XCBuildConfiguration;
			buildSettings = {
				ALWAYS_SEARCH_USER_PATHS = NO;
				CLANG_ANALYZER_LOCALIZABILITY_NONLOCALIZED = YES;
				CLANG_ANALYZER_NONNULL = YES;
				CLANG_ANALYZER_NUMBER_OBJECT_CONVERSION = YES_AGGRESSIVE;
				CLANG_CXX_LANGUAGE_STANDARD = "gnu++20";
				CLANG_ENABLE_MODULES = YES;
				CLANG_ENABLE_OBJC_ARC = YES;
				CLANG_ENABLE_OBJC_WEAK = YES;
				CLANG_WARN_BLOCK_CAPTURE_AUTORELEASING = YES;
				CLANG_WARN_BOOL_CONVERSION = YES;
				CLANG_WARN_COMMA = YES;
				CLANG_WARN_CONSTANT_CONVERSION = YES;
				CLANG_WARN_DEPRECATED_OBJC_IMPLEMENTATIONS = YES;
				CLANG_WARN_DIRECT_OBJC_ISA_USAGE = YES_ERROR;
				CLANG_WARN_DOCUMENTATION_COMMENTS = YES;
				CLANG_WARN_EMPTY_BODY = YES;
				CLANG_WARN_ENUM_CONVERSION = YES;
				CLANG_WARN_INFINITE_RECURSION = YES;
				CLANG_WARN_INT_CONVERSION = YES;
				CLANG_WARN_NON_LITERAL_NULL_CONVERSION = YES;
				CLANG_WARN_OBJC_IMPLICIT_RETAIN_SELF = YES;
				CLANG_WARN_OBJC_LITERAL_CONVERSION = YES;
				CLANG_WARN_OBJC_ROOT_CLASS = YES_ERROR;
				CLANG_WARN_QUOTED_INCLUDE_IN_FRAMEWORK_HEADER = YES;
				CLANG_WARN_RANGE_LOOP_ANALYSIS = YES;
				CLANG_WARN_STRICT_PROTOTYPES = YES;
				CLANG_WARN_SUSPICIOUS_MOVE = YES;
				CLANG_WARN_UNGUARDED_AVAILABILITY = YES_AGGRESSIVE;
				CLANG_WARN_UNREACHABLE_CODE = YES;
				CLANG_WARN__DUPLICATE_METHOD_MATCH = YES;
				COPY_PHASE_STRIP = NO;
				DEBUG_INFORMATION_FORMAT = dwarf;
				ENABLE_STRICT_OBJC_MSGSEND = YES;
				ENABLE_TESTABILITY = YES;
				GCC_C_LANGUAGE_STANDARD = gnu11;
				GCC_DYNAMIC_NO_PIC = NO;
				GCC_NO_COMMON_BLOCKS = YES;
				GCC_OPTIMIZATION_LEVEL = 0;
				GCC_PREPROCESSOR_DEFINITIONS = (
					"DEBUG=1",
					"$(inherited)",
				);
				GCC_WARN_64_TO_32_BIT_CONVERSION = YES;
				GCC_WARN_ABOUT_RETURN_TYPE = YES_ERROR;
				GCC_WARN_UNDECLARED_SELECTOR = YES;
				GCC_WARN_UNINITIALIZED_AUTOS = YES_AGGRESSIVE;
				GCC_WARN_UNUSED_FUNCTION = YES;
				GCC_WARN_UNUSED_VARIABLE = YES;
				IPHONEOS_DEPLOYMENT_TARGET = 15.2;
				MTL_ENABLE_DEBUG_INFO = INCLUDE_SOURCE;
				MTL_FAST_MATH = YES;
				ONLY_ACTIVE_ARCH = YES;
				SDKROOT = iphoneos;
				SWIFT_ACTIVE_COMPILATION_CONDITIONS = DEBUG;
				SWIFT_OPTIMIZATION_LEVEL = "-Onone";
			};
			name = Debug;
		};
		FC285A77296ABD9C00D56495 /* Release */ = {
			isa = XCBuildConfiguration;
			buildSettings = {
				ALWAYS_SEARCH_USER_PATHS = NO;
				CLANG_ANALYZER_LOCALIZABILITY_NONLOCALIZED = YES;
				CLANG_ANALYZER_NONNULL = YES;
				CLANG_ANALYZER_NUMBER_OBJECT_CONVERSION = YES_AGGRESSIVE;
				CLANG_CXX_LANGUAGE_STANDARD = "gnu++20";
				CLANG_ENABLE_MODULES = YES;
				CLANG_ENABLE_OBJC_ARC = YES;
				CLANG_ENABLE_OBJC_WEAK = YES;
				CLANG_WARN_BLOCK_CAPTURE_AUTORELEASING = YES;
				CLANG_WARN_BOOL_CONVERSION = YES;
				CLANG_WARN_COMMA = YES;
				CLANG_WARN_CONSTANT_CONVERSION = YES;
				CLANG_WARN_DEPRECATED_OBJC_IMPLEMENTATIONS = YES;
				CLANG_WARN_DIRECT_OBJC_ISA_USAGE = YES_ERROR;
				CLANG_WARN_DOCUMENTATION_COMMENTS = YES;
				CLANG_WARN_EMPTY_BODY = YES;
				CLANG_WARN_ENUM_CONVERSION = YES;
				CLANG_WARN_INFINITE_RECURSION = YES;
				CLANG_WARN_INT_CONVERSION = YES;
				CLANG_WARN_NON_LITERAL_NULL_CONVERSION = YES;
				CLANG_WARN_OBJC_IMPLICIT_RETAIN_SELF = YES;
				CLANG_WARN_OBJC_LITERAL_CONVERSION = YES;
				CLANG_WARN_OBJC_ROOT_CLASS = YES_ERROR;
				CLANG_WARN_QUOTED_INCLUDE_IN_FRAMEWORK_HEADER = YES;
				CLANG_WARN_RANGE_LOOP_ANALYSIS = YES;
				CLANG_WARN_STRICT_PROTOTYPES = YES;
				CLANG_WARN_SUSPICIOUS_MOVE = YES;
				CLANG_WARN_UNGUARDED_AVAILABILITY = YES_AGGRESSIVE;
				CLANG_WARN_UNREACHABLE_CODE = YES;
				CLANG_WARN__DUPLICATE_METHOD_MATCH = YES;
				COPY_PHASE_STRIP = NO;
				DEBUG_INFORMATION_FORMAT = "dwarf-with-dsym";
				ENABLE_NS_ASSERTIONS = NO;
				ENABLE_STRICT_OBJC_MSGSEND = YES;
				GCC_C_LANGUAGE_STANDARD = gnu11;
				GCC_NO_COMMON_BLOCKS = YES;
				GCC_WARN_64_TO_32_BIT_CONVERSION = YES;
				GCC_WARN_ABOUT_RETURN_TYPE = YES_ERROR;
				GCC_WARN_UNDECLARED_SELECTOR = YES;
				GCC_WARN_UNINITIALIZED_AUTOS = YES_AGGRESSIVE;
				GCC_WARN_UNUSED_FUNCTION = YES;
				GCC_WARN_UNUSED_VARIABLE = YES;
				IPHONEOS_DEPLOYMENT_TARGET = 15.2;
				MTL_ENABLE_DEBUG_INFO = NO;
				MTL_FAST_MATH = YES;
				SDKROOT = iphoneos;
				SWIFT_COMPILATION_MODE = wholemodule;
				SWIFT_OPTIMIZATION_LEVEL = "-O";
				VALIDATE_PRODUCT = YES;
			};
			name = Release;
		};
		FC285A79296ABD9C00D56495 /* Debug */ = {
			isa = XCBuildConfiguration;
			buildSettings = {
				ASSETCATALOG_COMPILER_APPICON_NAME = AppIcon;
				ASSETCATALOG_COMPILER_GLOBAL_ACCENT_COLOR_NAME = AccentColor;
				CODE_SIGN_STYLE = Automatic;
				CURRENT_PROJECT_VERSION = 1;
				DEVELOPMENT_TEAM = CHXYY877GH;
				GENERATE_INFOPLIST_FILE = YES;
				INFOPLIST_FILE = MemoryColor/Info.plist;
				INFOPLIST_KEY_UIApplicationSupportsIndirectInputEvents = YES;
				INFOPLIST_KEY_UILaunchStoryboardName = LaunchScreen;
				INFOPLIST_KEY_UIMainStoryboardFile = Main;
				INFOPLIST_KEY_UISupportedInterfaceOrientations_iPad = "UIInterfaceOrientationPortrait UIInterfaceOrientationPortraitUpsideDown UIInterfaceOrientationLandscapeLeft UIInterfaceOrientationLandscapeRight";
				INFOPLIST_KEY_UISupportedInterfaceOrientations_iPhone = "UIInterfaceOrientationPortrait UIInterfaceOrientationLandscapeLeft UIInterfaceOrientationLandscapeRight";
				IPHONEOS_DEPLOYMENT_TARGET = 15.2;
				LD_RUNPATH_SEARCH_PATHS = (
					"$(inherited)",
					"@executable_path/Frameworks",
				);
				MARKETING_VERSION = 1.0;
				PRODUCT_BUNDLE_IDENTIFIER = com.wedad.MemoryColor;
				PRODUCT_NAME = "$(TARGET_NAME)";
				SWIFT_EMIT_LOC_STRINGS = YES;
				SWIFT_VERSION = 5.0;
				TARGETED_DEVICE_FAMILY = "1,2";
			};
			name = Debug;
		};
		FC285A7A296ABD9C00D56495 /* Release */ = {
			isa = XCBuildConfiguration;
			buildSettings = {
				ASSETCATALOG_COMPILER_APPICON_NAME = AppIcon;
				ASSETCATALOG_COMPILER_GLOBAL_ACCENT_COLOR_NAME = AccentColor;
				CODE_SIGN_STYLE = Automatic;
				CURRENT_PROJECT_VERSION = 1;
				DEVELOPMENT_TEAM = CHXYY877GH;
				GENERATE_INFOPLIST_FILE = YES;
				INFOPLIST_FILE = MemoryColor/Info.plist;
				INFOPLIST_KEY_UIApplicationSupportsIndirectInputEvents = YES;
				INFOPLIST_KEY_UILaunchStoryboardName = LaunchScreen;
				INFOPLIST_KEY_UIMainStoryboardFile = Main;
				INFOPLIST_KEY_UISupportedInterfaceOrientations_iPad = "UIInterfaceOrientationPortrait UIInterfaceOrientationPortraitUpsideDown UIInterfaceOrientationLandscapeLeft UIInterfaceOrientationLandscapeRight";
				INFOPLIST_KEY_UISupportedInterfaceOrientations_iPhone = "UIInterfaceOrientationPortrait UIInterfaceOrientationLandscapeLeft UIInterfaceOrientationLandscapeRight";
				IPHONEOS_DEPLOYMENT_TARGET = 15.2;
				LD_RUNPATH_SEARCH_PATHS = (
					"$(inherited)",
					"@executable_path/Frameworks",
				);
				MARKETING_VERSION = 1.0;
				PRODUCT_BUNDLE_IDENTIFIER = com.wedad.MemoryColor;
				PRODUCT_NAME = "$(TARGET_NAME)";
				SWIFT_EMIT_LOC_STRINGS = YES;
				SWIFT_VERSION = 5.0;
				TARGETED_DEVICE_FAMILY = "1,2";
			};
			name = Release;
		};
/* End XCBuildConfiguration section */

/* Begin XCConfigurationList section */
		FC285A5F296ABD9B00D56495 /* Build configuration list for PBXProject "MemoryColor" */ = {
			isa = XCConfigurationList;
			buildConfigurations = (
				FC285A76296ABD9C00D56495 /* Debug */,
				FC285A77296ABD9C00D56495 /* Release */,
			);
			defaultConfigurationIsVisible = 0;
			defaultConfigurationName = Release;
		};
		FC285A78296ABD9C00D56495 /* Build configuration list for PBXNativeTarget "MemoryColor" */ = {
			isa = XCConfigurationList;
			buildConfigurations = (
				FC285A79296ABD9C00D56495 /* Debug */,
				FC285A7A296ABD9C00D56495 /* Release */,
			);
			defaultConfigurationIsVisible = 0;
			defaultConfigurationName = Release;
		};
/* End XCConfigurationList section */
	};
	rootObject = FC285A5C296ABD9B00D56495 /* Project object */;
}
